
Microsoft Visual Studio Solution File, Format Version 12.00
# Visual Studio Version 16
VisualStudioVersion = 16.0.30523.141
MinimumVisualStudioVersion = 10.0.40219.1
Project("{FAE04EC0-301F-11D3-BF4B-00C04F79EFBC}") = "RecordGetTracks", "RecordGetTracks\RecordGetTracks.csproj", "{37D546B3-5CC8-45FB-A18B-F8069FEE91EB}"
EndProject
Global
	GlobalSection(SolutionConfigurationPlatforms) = preSolution
		Debug|Any CPU = Debug|Any CPU
		Release|Any CPU = Release|Any CPU
	EndGlobalSection
	GlobalSection(ProjectConfigurationPlatforms) = postSolution
		{37D546B3-5CC8-45FB-A18B-F8069FEE91EB}.Debug|Any CPU.ActiveCfg = Debug|Any CPU
		{37D546B3-5CC8-45FB-A18B-F8069FEE91EB}.Debug|Any CPU.Build.0 = Debug|Any CPU
		{37D546B3-5CC8-45FB-A18B-F8069FEE91EB}.Release|Any CPU.ActiveCfg = Release|Any CPU
		{37D546B3-5CC8-45FB-A18B-F8069FEE91EB}.Release|Any CPU.Build.0 = Release|Any CPU
	EndGlobalSection
	GlobalSection(SolutionProperties) = preSolution
		HideSolutionNode = FALSE
	EndGlobalSection
	GlobalSection(ExtensibilityGlobals) = postSolution
		SolutionGuid = {4938DAFE-706B-461D-9C96-CBF18811098A}
	EndGlobalSection
EndGlobal
